
Microsoft Visual Studio Solution File, Format Version 12.00
# Visual Studio Version 17
VisualStudioVersion = 17.4.33213.308
MinimumVisualStudioVersion = 10.0.40219.1
Project("{FAE04EC0-301F-11D3-BF4B-00C04F79EFBC}") = "MvcBookstore", "MvcBookstore\MvcBookstore.csproj", "{49EA6C67-90B9-4C20-9A83-74D2481043BF}"
EndProject
Global
	GlobalSection(SolutionConfigurationPlatforms) = preSolution
		Debug|Any CPU = Debug|Any CPU
		Release|Any CPU = Release|Any CPU
	EndGlobalSection
	GlobalSection(ProjectConfigurationPlatforms) = postSolution
		{49EA6C67-90B9-4C20-9A83-74D2481043BF}.Debug|Any CPU.ActiveCfg = Debug|Any CPU
		{49EA6C67-90B9-4C20-9A83-74D2481043BF}.Debug|Any CPU.Build.0 = Debug|Any CPU
		{49EA6C67-90B9-4C20-9A83-74D2481043BF}.Release|Any CPU.ActiveCfg = Release|Any CPU
		{49EA6C67-90B9-4C20-9A83-74D2481043BF}.Release|Any CPU.Build.0 = Release|Any CPU
	EndGlobalSection
	GlobalSection(SolutionProperties) = preSolution
		HideSolutionNode = FALSE
	EndGlobalSection
	GlobalSection(ExtensibilityGlobals) = postSolution
		SolutionGuid = {0F38317B-F8CE-450B-9085-95A3E7A9CAB3}
	EndGlobalSection
EndGlobal
